
Microsoft Visual Studio Solution File, Format Version 12.00
# Visual Studio Version 17
VisualStudioVersion = 17.7.34221.43
MinimumVisualStudioVersion = 10.0.40219.1
Project("{8BC9CEB8-8B4A-11D0-8D11-00A0C91BC942}") = "Assembly - Static Memory", "Assembly - Static Memory\Assembly - Static Memory.vcxproj", "{116D85F5-FDB0-431D-85D2-4AA9D3CE9923}"
EndProject
Global
	GlobalSection(SolutionConfigurationPlatforms) = preSolution
		Debug|x64 = Debug|x64
		Debug|x86 = Debug|x86
		Release|x64 = Release|x64
		Release|x86 = Release|x86
	EndGlobalSection
	GlobalSection(ProjectConfigurationPlatforms) = postSolution
		{116D85F5-FDB0-431D-85D2-4AA9D3CE9923}.Debug|x64.ActiveCfg = Debug|x64
		{116D85F5-FDB0-431D-85D2-4AA9D3CE9923}.Debug|x64.Build.0 = Debug|x64
		{116D85F5-FDB0-431D-85D2-4AA9D3CE9923}.Debug|x86.ActiveCfg = Debug|Win32
		{116D85F5-FDB0-431D-85D2-4AA9D3CE9923}.Debug|x86.Build.0 = Debug|Win32
		{116D85F5-FDB0-431D-85D2-4AA9D3CE9923}.Release|x64.ActiveCfg = Release|x64
		{116D85F5-FDB0-431D-85D2-4AA9D3CE9923}.Release|x64.Build.0 = Release|x64
		{116D85F5-FDB0-431D-85D2-4AA9D3CE9923}.Release|x86.ActiveCfg = Release|Win32
		{116D85F5-FDB0-431D-85D2-4AA9D3CE9923}.Release|x86.Build.0 = Release|Win32
	EndGlobalSection
	GlobalSection(SolutionProperties) = preSolution
		HideSolutionNode = FALSE
	EndGlobalSection
	GlobalSection(ExtensibilityGlobals) = postSolution
		SolutionGuid = {845C8BC0-5B83-48AE-ABA0-3B22CFC6D5E8}
	EndGlobalSection
EndGlobal
